
Microsoft Visual Studio Solution File, Format Version 12.00
# Visual Studio Version 17
VisualStudioVersion = 17.8.34330.188
MinimumVisualStudioVersion = 10.0.40219.1
Project("{FAE04EC0-301F-11D3-BF4B-00C04F79EFBC}") = "shapeCalculation", "shapeCalculation\shapeCalculation.csproj", "{FBE3BB0F-9B81-4B63-A89B-6807B02617CC}"
EndProject
Global
	GlobalSection(SolutionConfigurationPlatforms) = preSolution
		Debug|Any CPU = Debug|Any CPU
		Release|Any CPU = Release|Any CPU
	EndGlobalSection
	GlobalSection(ProjectConfigurationPlatforms) = postSolution
		{FBE3BB0F-9B81-4B63-A89B-6807B02617CC}.Debug|Any CPU.ActiveCfg = Debug|Any CPU
		{FBE3BB0F-9B81-4B63-A89B-6807B02617CC}.Debug|Any CPU.Build.0 = Debug|Any CPU
		{FBE3BB0F-9B81-4B63-A89B-6807B02617CC}.Release|Any CPU.ActiveCfg = Release|Any CPU
		{FBE3BB0F-9B81-4B63-A89B-6807B02617CC}.Release|Any CPU.Build.0 = Release|Any CPU
	EndGlobalSection
	GlobalSection(SolutionProperties) = preSolution
		HideSolutionNode = FALSE
	EndGlobalSection
	GlobalSection(ExtensibilityGlobals) = postSolution
		SolutionGuid = {6455A3C1-2769-490A-A590-ACD5B5D3C047}
	EndGlobalSection
EndGlobal
